// !$*UTF8*$!
{
	archiveVersion = 1;
	classes = {
	};
	objectVersion = 51;
	objects = {

/* Begin PBXBuildFile section */
		613039BA23CD22B5003D079C /* AddFriendsViewController.swift in Sources */ = {isa = PBXBuildFile; fileRef = 613039B923CD22B5003D079C /* AddFriendsViewController.swift */; };
		613039BC23CD22C7003D079C /* AddFriendsViewPresenter.swift in Sources */ = {isa = PBXBuildFile; fileRef = 613039BB23CD22C7003D079C /* AddFriendsViewPresenter.swift */; };
		613039BE23CD22DF003D079C /* ApiItemUser.swift in Sources */ = {isa = PBXBuildFile; fileRef = 613039BD23CD22DF003D079C /* ApiItemUser.swift */; };
		613039C123CD2644003D079C /* AddFriendsTableViewCell.swift in Sources */ = {isa = PBXBuildFile; fileRef = 613039C023CD2644003D079C /* AddFriendsTableViewCell.swift */; };
		613039C523CD2C2E003D079C /* FriendsViewController.swift in Sources */ = {isa = PBXBuildFile; fileRef = 613039C323CD2C2D003D079C /* FriendsViewController.swift */; };
		613039C623CD2C2E003D079C /* FriendsViewPresenter.swift in Sources */ = {isa = PBXBuildFile; fileRef = 613039C423CD2C2D003D079C /* FriendsViewPresenter.swift */; };
		613039CD23CD2C65003D079C /* FriendsTableViewCell.swift in Sources */ = {isa = PBXBuildFile; fileRef = 613039CC23CD2C65003D079C /* FriendsTableViewCell.swift */; };
		613039D023CE2A23003D079C /* AddMemoryViewController.swift in Sources */ = {isa = PBXBuildFile; fileRef = 613039CF23CE2A23003D079C /* AddMemoryViewController.swift */; };
		613039D223CE2A35003D079C /* AddMemoryViewPresenter.swift in Sources */ = {isa = PBXBuildFile; fileRef = 613039D123CE2A35003D079C /* AddMemoryViewPresenter.swift */; };
		61905AE623CD116300BFC46B /* MemoriesViewController.swift in Sources */ = {isa = PBXBuildFile; fileRef = 61905AE523CD116300BFC46B /* MemoriesViewController.swift */; };
		61905AE823CD117800BFC46B /* MemoriesViewPresenter.swift in Sources */ = {isa = PBXBuildFile; fileRef = 61905AE723CD117800BFC46B /* MemoriesViewPresenter.swift */; };
		61905AEB23CD11BE00BFC46B /* MemoryTableViewCell.swift in Sources */ = {isa = PBXBuildFile; fileRef = 61905AEA23CD11BE00BFC46B /* MemoryTableViewCell.swift */; };
		61C574FA23C9F549004C6453 /* AccountViewController.swift in Sources */ = {isa = PBXBuildFile; fileRef = 61C574F923C9F549004C6453 /* AccountViewController.swift */; };
		61F0614923C1056D0083289D /* NetworkManager.swift in Sources */ = {isa = PBXBuildFile; fileRef = 61F0614423C1056C0083289D /* NetworkManager.swift */; };
		61F0614A23C1056D0083289D /* NetworkURL.swift in Sources */ = {isa = PBXBuildFile; fileRef = 61F0614523C1056C0083289D /* NetworkURL.swift */; };
		61F0614C23C1056D0083289D /* NetworkRequest.swift in Sources */ = {isa = PBXBuildFile; fileRef = 61F0614723C1056C0083289D /* NetworkRequest.swift */; };
		61F0614D23C1056D0083289D /* NetworkResponse.swift in Sources */ = {isa = PBXBuildFile; fileRef = 61F0614823C1056D0083289D /* NetworkResponse.swift */; };
		61F0615223C27ABC0083289D /* ApiItemToken.swift in Sources */ = {isa = PBXBuildFile; fileRef = 61F0615123C27ABC0083289D /* ApiItemToken.swift */; };
		61F0615423C345BA0083289D /* ApiItemError.swift in Sources */ = {isa = PBXBuildFile; fileRef = 61F0615323C345BA0083289D /* ApiItemError.swift */; };
		61F0615623C354430083289D /* ApiItemLocalization.swift in Sources */ = {isa = PBXBuildFile; fileRef = 61F0615523C354430083289D /* ApiItemLocalization.swift */; };
		61F0615823C3551D0083289D /* ApiItemMemeory.swift in Sources */ = {isa = PBXBuildFile; fileRef = 61F0615723C3551D0083289D /* ApiItemMemeory.swift */; };
		61F0615B23C84FF20083289D /* UIImageExtensions.swift in Sources */ = {isa = PBXBuildFile; fileRef = 61F0615A23C84FF10083289D /* UIImageExtensions.swift */; };
		61F0615F23C9E9360083289D /* LoginViewController.swift in Sources */ = {isa = PBXBuildFile; fileRef = 61F0615E23C9E9360083289D /* LoginViewController.swift */; };
		61F0616123C9E9440083289D /* BaseViewController.swift in Sources */ = {isa = PBXBuildFile; fileRef = 61F0616023C9E9430083289D /* BaseViewController.swift */; };
		61F0616423C9E9DE0083289D /* LoginViewPresenter.swift in Sources */ = {isa = PBXBuildFile; fileRef = 61F0616323C9E9DE0083289D /* LoginViewPresenter.swift */; };
		61F0616623C9EA040083289D /* RegisterViewController.swift in Sources */ = {isa = PBXBuildFile; fileRef = 61F0616523C9EA030083289D /* RegisterViewController.swift */; };
		61F0616823C9EA150083289D /* RegisterViewPresenter.swift in Sources */ = {isa = PBXBuildFile; fileRef = 61F0616723C9EA150083289D /* RegisterViewPresenter.swift */; };
		61F6186523C101B8000F5223 /* AppDelegate.swift in Sources */ = {isa = PBXBuildFile; fileRef = 61F6186423C101B8000F5223 /* AppDelegate.swift */; };
		61F6186723C101B8000F5223 /* SceneDelegate.swift in Sources */ = {isa = PBXBuildFile; fileRef = 61F6186623C101B8000F5223 /* SceneDelegate.swift */; };
		61F6186923C101B8000F5223 /* ViewController.swift in Sources */ = {isa = PBXBuildFile; fileRef = 61F6186823C101B8000F5223 /* ViewController.swift */; };
		61F6186C23C101B8000F5223 /* Main.storyboard in Resources */ = {isa = PBXBuildFile; fileRef = 61F6186A23C101B8000F5223 /* Main.storyboard */; };
		61F6186E23C101BF000F5223 /* Assets.xcassets in Resources */ = {isa = PBXBuildFile; fileRef = 61F6186D23C101BF000F5223 /* Assets.xcassets */; };
		61F6187123C101BF000F5223 /* LaunchScreen.storyboard in Resources */ = {isa = PBXBuildFile; fileRef = 61F6186F23C101BF000F5223 /* LaunchScreen.storyboard */; };
		B3DAD7B188C6581FD260541A /* Pods_FriendshipDiary.framework in Frameworks */ = {isa = PBXBuildFile; fileRef = 308F89573E28EEE715888117 /* Pods_FriendshipDiary.framework */; };
/* End PBXBuildFile section */

/* Begin PBXFileReference section */
		15BBED1FA42C6A268F8ED37D /* Pods-FriendshipDiary.release.xcconfig */ = {isa = PBXFileReference; includeInIndex = 1; lastKnownFileType = text.xcconfig; name = "Pods-FriendshipDiary.release.xcconfig"; path = "Target Support Files/Pods-FriendshipDiary/Pods-FriendshipDiary.release.xcconfig"; sourceTree = "<group>"; };
		308F89573E28EEE715888117 /* Pods_FriendshipDiary.framework */ = {isa = PBXFileReference; explicitFileType = wrapper.framework; includeInIndex = 0; path = Pods_FriendshipDiary.framework; sourceTree = BUILT_PRODUCTS_DIR; };
		613039B923CD22B5003D079C /* AddFriendsViewController.swift */ = {isa = PBXFileReference; lastKnownFileType = sourcecode.swift; path = AddFriendsViewController.swift; sourceTree = "<group>"; };
		613039BB23CD22C7003D079C /* AddFriendsViewPresenter.swift */ = {isa = PBXFileReference; lastKnownFileType = sourcecode.swift; path = AddFriendsViewPresenter.swift; sourceTree = "<group>"; };
		613039BD23CD22DF003D079C /* ApiItemUser.swift */ = {isa = PBXFileReference; lastKnownFileType = sourcecode.swift; path = ApiItemUser.swift; sourceTree = "<group>"; };
		613039C023CD2644003D079C /* AddFriendsTableViewCell.swift */ = {isa = PBXFileReference; lastKnownFileType = sourcecode.swift; path = AddFriendsTableViewCell.swift; sourceTree = "<group>"; };
		613039C323CD2C2D003D079C /* FriendsViewController.swift */ = {isa = PBXFileReference; fileEncoding = 4; lastKnownFileType = sourcecode.swift; path = FriendsViewController.swift; sourceTree = "<group>"; };
		613039C423CD2C2D003D079C /* FriendsViewPresenter.swift */ = {isa = PBXFileReference; fileEncoding = 4; lastKnownFileType = sourcecode.swift; path = FriendsViewPresenter.swift; sourceTree = "<group>"; };
		613039CC23CD2C65003D079C /* FriendsTableViewCell.swift */ = {isa = PBXFileReference; fileEncoding = 4; lastKnownFileType = sourcecode.swift; path = FriendsTableViewCell.swift; sourceTree = "<group>"; };
		613039CF23CE2A23003D079C /* AddMemoryViewController.swift */ = {isa = PBXFileReference; lastKnownFileType = sourcecode.swift; path = AddMemoryViewController.swift; sourceTree = "<group>"; };
		613039D123CE2A35003D079C /* AddMemoryViewPresenter.swift */ = {isa = PBXFileReference; lastKnownFileType = sourcecode.swift; path = AddMemoryViewPresenter.swift; sourceTree = "<group>"; };
		61905AE523CD116300BFC46B /* MemoriesViewController.swift */ = {isa = PBXFileReference; lastKnownFileType = sourcecode.swift; path = MemoriesViewController.swift; sourceTree = "<group>"; };
		61905AE723CD117800BFC46B /* MemoriesViewPresenter.swift */ = {isa = PBXFileReference; lastKnownFileType = sourcecode.swift; path = MemoriesViewPresenter.swift; sourceTree = "<group>"; };
		61905AEA23CD11BE00BFC46B /* MemoryTableViewCell.swift */ = {isa = PBXFileReference; lastKnownFileType = sourcecode.swift; path = MemoryTableViewCell.swift; sourceTree = "<group>"; };
		61C574F923C9F549004C6453 /* AccountViewController.swift */ = {isa = PBXFileReference; lastKnownFileType = sourcecode.swift; path = AccountViewController.swift; sourceTree = "<group>"; };
		61F0614423C1056C0083289D /* NetworkManager.swift */ = {isa = PBXFileReference; fileEncoding = 4; lastKnownFileType = sourcecode.swift; path = NetworkManager.swift; sourceTree = "<group>"; };
		61F0614523C1056C0083289D /* NetworkURL.swift */ = {isa = PBXFileReference; fileEncoding = 4; lastKnownFileType = sourcecode.swift; path = NetworkURL.swift; sourceTree = "<group>"; };
		61F0614723C1056C0083289D /* NetworkRequest.swift */ = {isa = PBXFileReference; fileEncoding = 4; lastKnownFileType = sourcecode.swift; path = NetworkRequest.swift; sourceTree = "<group>"; };
		61F0614823C1056D0083289D /* NetworkResponse.swift */ = {isa = PBXFileReference; fileEncoding = 4; lastKnownFileType = sourcecode.swift; path = NetworkResponse.swift; sourceTree = "<group>"; };
		61F0615123C27ABC0083289D /* ApiItemToken.swift */ = {isa = PBXFileReference; lastKnownFileType = sourcecode.swift; path = ApiItemToken.swift; sourceTree = "<group>"; };
		61F0615323C345BA0083289D /* ApiItemError.swift */ = {isa = PBXFileReference; lastKnownFileType = sourcecode.swift; path = ApiItemError.swift; sourceTree = "<group>"; };
		61F0615523C354430083289D /* ApiItemLocalization.swift */ = {isa = PBXFileReference; lastKnownFileType = sourcecode.swift; path = ApiItemLocalization.swift; sourceTree = "<group>"; };
		61F0615723C3551D0083289D /* ApiItemMemeory.swift */ = {isa = PBXFileReference; lastKnownFileType = sourcecode.swift; path = ApiItemMemeory.swift; sourceTree = "<group>"; };
		61F0615A23C84FF10083289D /* UIImageExtensions.swift */ = {isa = PBXFileReference; lastKnownFileType = sourcecode.swift; path = UIImageExtensions.swift; sourceTree = "<group>"; };
		61F0615E23C9E9360083289D /* LoginViewController.swift */ = {isa = PBXFileReference; lastKnownFileType = sourcecode.swift; path = LoginViewController.swift; sourceTree = "<group>"; };
		61F0616023C9E9430083289D /* BaseViewController.swift */ = {isa = PBXFileReference; lastKnownFileType = sourcecode.swift; path = BaseViewController.swift; sourceTree = "<group>"; };
		61F0616323C9E9DE0083289D /* LoginViewPresenter.swift */ = {isa = PBXFileReference; lastKnownFileType = sourcecode.swift; path = LoginViewPresenter.swift; sourceTree = "<group>"; };
		61F0616523C9EA030083289D /* RegisterViewController.swift */ = {isa = PBXFileReference; lastKnownFileType = sourcecode.swift; path = RegisterViewController.swift; sourceTree = "<group>"; };
		61F0616723C9EA150083289D /* RegisterViewPresenter.swift */ = {isa = PBXFileReference; lastKnownFileType = sourcecode.swift; path = RegisterViewPresenter.swift; sourceTree = "<group>"; };
		61F6186123C101B8000F5223 /* FriendshipDiary.app */ = {isa = PBXFileReference; explicitFileType = wrapper.application; includeInIndex = 0; path = FriendshipDiary.app; sourceTree = BUILT_PRODUCTS_DIR; };
		61F6186423C101B8000F5223 /* AppDelegate.swift */ = {isa = PBXFileReference; lastKnownFileType = sourcecode.swift; path = AppDelegate.swift; sourceTree = "<group>"; };
		61F6186623C101B8000F5223 /* SceneDelegate.swift */ = {isa = PBXFileReference; lastKnownFileType = sourcecode.swift; path = SceneDelegate.swift; sourceTree = "<group>"; };
		61F6186823C101B8000F5223 /* ViewController.swift */ = {isa = PBXFileReference; lastKnownFileType = sourcecode.swift; path = ViewController.swift; sourceTree = "<group>"; };
		61F6186B23C101B8000F5223 /* Base */ = {isa = PBXFileReference; lastKnownFileType = file.storyboard; name = Base; path = Base.lproj/Main.storyboard; sourceTree = "<group>"; };
		61F6186D23C101BF000F5223 /* Assets.xcassets */ = {isa = PBXFileReference; lastKnownFileType = folder.assetcatalog; path = Assets.xcassets; sourceTree = "<group>"; };
		61F6187023C101BF000F5223 /* Base */ = {isa = PBXFileReference; lastKnownFileType = file.storyboard; name = Base; path = Base.lproj/LaunchScreen.storyboard; sourceTree = "<group>"; };
		61F6187223C101BF000F5223 /* Info.plist */ = {isa = PBXFileReference; lastKnownFileType = text.plist.xml; path = Info.plist; sourceTree = "<group>"; };
		C1BFA672395A971D72D368E8 /* Pods-FriendshipDiary.debug.xcconfig */ = {isa = PBXFileReference; includeInIndex = 1; lastKnownFileType = text.xcconfig; name = "Pods-FriendshipDiary.debug.xcconfig"; path = "Target Support Files/Pods-FriendshipDiary/Pods-FriendshipDiary.debug.xcconfig"; sourceTree = "<group>"; };
/* End PBXFileReference section */

/* Begin PBXFrameworksBuildPhase section */
		61F6185E23C101B8000F5223 /* Frameworks */ = {
			isa = PBXFrameworksBuildPhase;
			buildActionMask = 2147483647;
			files = (
				B3DAD7B188C6581FD260541A /* Pods_FriendshipDiary.framework in Frameworks */,
			);
			runOnlyForDeploymentPostprocessing = 0;
		};
/* End PBXFrameworksBuildPhase section */

/* Begin PBXGroup section */
		613039B823CD2283003D079C /* Friends */ = {
			isa = PBXGroup;
			children = (
				613039C723CD2C31003D079C /* Cells */,
				613039C323CD2C2D003D079C /* FriendsViewController.swift */,
				613039C423CD2C2D003D079C /* FriendsViewPresenter.swift */,
			);
			path = Friends;
			sourceTree = "<group>";
		};
		613039BF23CD261E003D079C /* Cells */ = {
			isa = PBXGroup;
			children = (
				613039C023CD2644003D079C /* AddFriendsTableViewCell.swift */,
			);
			path = Cells;
			sourceTree = "<group>";
		};
		613039C223CD2A7C003D079C /* AddFriends */ = {
			isa = PBXGroup;
			children = (
				613039BF23CD261E003D079C /* Cells */,
				613039B923CD22B5003D079C /* AddFriendsViewController.swift */,
				613039BB23CD22C7003D079C /* AddFriendsViewPresenter.swift */,
			);
			path = AddFriends;
			sourceTree = "<group>";
		};
		613039C723CD2C31003D079C /* Cells */ = {
			isa = PBXGroup;
			children = (
				613039CC23CD2C65003D079C /* FriendsTableViewCell.swift */,
			);
			path = Cells;
			sourceTree = "<group>";
		};
		613039CE23CE29FD003D079C /* AddMemory */ = {
			isa = PBXGroup;
			children = (
				613039CF23CE2A23003D079C /* AddMemoryViewController.swift */,
				613039D123CE2A35003D079C /* AddMemoryViewPresenter.swift */,
			);
			path = AddMemory;
			sourceTree = "<group>";
		};
		61905AE423CD113D00BFC46B /* Memories */ = {
			isa = PBXGroup;
			children = (
				61905AE923CD119A00BFC46B /* Cells */,
				61905AE523CD116300BFC46B /* MemoriesViewController.swift */,
				61905AE723CD117800BFC46B /* MemoriesViewPresenter.swift */,
			);
			path = Memories;
			sourceTree = "<group>";
		};
		61905AE923CD119A00BFC46B /* Cells */ = {
			isa = PBXGroup;
			children = (
				61905AEA23CD11BE00BFC46B /* MemoryTableViewCell.swift */,
			);
			path = Cells;
			sourceTree = "<group>";
		};
		61C574F823C9F4F3004C6453 /* Account */ = {
			isa = PBXGroup;
			children = (
				61C574F923C9F549004C6453 /* AccountViewController.swift */,
			);
			path = Account;
			sourceTree = "<group>";
		};
		61F0614323C105580083289D /* Network */ = {
			isa = PBXGroup;
			children = (
				61F0614423C1056C0083289D /* NetworkManager.swift */,
				61F0614723C1056C0083289D /* NetworkRequest.swift */,
				61F0614823C1056D0083289D /* NetworkResponse.swift */,
				61F0614523C1056C0083289D /* NetworkURL.swift */,
			);
			path = Network;
			sourceTree = "<group>";
		};
		61F0614E23C27A870083289D /* ApiItems */ = {
			isa = PBXGroup;
			children = (
				61F0615123C27ABC0083289D /* ApiItemToken.swift */,
				61F0615323C345BA0083289D /* ApiItemError.swift */,
				61F0615523C354430083289D /* ApiItemLocalization.swift */,
				61F0615723C3551D0083289D /* ApiItemMemeory.swift */,
				613039BD23CD22DF003D079C /* ApiItemUser.swift */,
			);
			path = ApiItems;
			sourceTree = "<group>";
		};
		61F0615923C84FD80083289D /* Extensions */ = {
			isa = PBXGroup;
			children = (
				61F0615A23C84FF10083289D /* UIImageExtensions.swift */,
			);
			path = Extensions;
			sourceTree = "<group>";
		};
		61F0615C23C9E8F40083289D /* Screens */ = {
			isa = PBXGroup;
			children = (
				61F0616023C9E9430083289D /* BaseViewController.swift */,
				613039CE23CE29FD003D079C /* AddMemory */,
				613039C223CD2A7C003D079C /* AddFriends */,
				613039B823CD2283003D079C /* Friends */,
				61905AE423CD113D00BFC46B /* Memories */,
				61C574F823C9F4F3004C6453 /* Account */,
				61F0616223C9E9BC0083289D /* Register */,
				61F0615D23C9E8FC0083289D /* Login */,
			);
			path = Screens;
			sourceTree = "<group>";
		};
		61F0615D23C9E8FC0083289D /* Login */ = {
			isa = PBXGroup;
			children = (
				61F0615E23C9E9360083289D /* LoginViewController.swift */,
				61F0616323C9E9DE0083289D /* LoginViewPresenter.swift */,
			);
			path = Login;
			sourceTree = "<group>";
		};
		61F0616223C9E9BC0083289D /* Register */ = {
			isa = PBXGroup;
			children = (
				61F0616523C9EA030083289D /* RegisterViewController.swift */,
				61F0616723C9EA150083289D /* RegisterViewPresenter.swift */,
			);
			path = Register;
			sourceTree = "<group>";
		};
		61F6185823C101B8000F5223 = {
			isa = PBXGroup;
			children = (
				61F6186323C101B8000F5223 /* FriendshipDiary */,
				61F6186223C101B8000F5223 /* Products */,
				9CDDE8F73A49F9B7C86ED779 /* Pods */,
				FA5115E0B4093DCD66949977 /* Frameworks */,
			);
			sourceTree = "<group>";
		};
		61F6186223C101B8000F5223 /* Products */ = {
			isa = PBXGroup;
			children = (
				61F6186123C101B8000F5223 /* FriendshipDiary.app */,
			);
			name = Products;
			sourceTree = "<group>";
		};
		61F6186323C101B8000F5223 /* FriendshipDiary */ = {
			isa = PBXGroup;
			children = (
				61F0615C23C9E8F40083289D /* Screens */,
				61F0615923C84FD80083289D /* Extensions */,
				61F0614E23C27A870083289D /* ApiItems */,
				61F0614323C105580083289D /* Network */,
				61F6186423C101B8000F5223 /* AppDelegate.swift */,
				61F6186623C101B8000F5223 /* SceneDelegate.swift */,
				61F6186823C101B8000F5223 /* ViewController.swift */,
				61F6186A23C101B8000F5223 /* Main.storyboard */,
				61F6186D23C101BF000F5223 /* Assets.xcassets */,
				61F6186F23C101BF000F5223 /* LaunchScreen.storyboard */,
				61F6187223C101BF000F5223 /* Info.plist */,
			);
			path = FriendshipDiary;
			sourceTree = "<group>";
		};
		9CDDE8F73A49F9B7C86ED779 /* Pods */ = {
			isa = PBXGroup;
			children = (
				C1BFA672395A971D72D368E8 /* Pods-FriendshipDiary.debug.xcconfig */,
				15BBED1FA42C6A268F8ED37D /* Pods-FriendshipDiary.release.xcconfig */,
			);
			path = Pods;
			sourceTree = "<group>";
		};
		FA5115E0B4093DCD66949977 /* Frameworks */ = {
			isa = PBXGroup;
			children = (
				308F89573E28EEE715888117 /* Pods_FriendshipDiary.framework */,
			);
			name = Frameworks;
			sourceTree = "<group>";
		};
/* End PBXGroup section */

/* Begin PBXNativeTarget section */
		61F6186023C101B8000F5223 /* FriendshipDiary */ = {
			isa = PBXNativeTarget;
			buildConfigurationList = 61F6187523C101BF000F5223 /* Build configuration list for PBXNativeTarget "FriendshipDiary" */;
			buildPhases = (
				E35F3DCA56C518C14A8A162C /* [CP] Check Pods Manifest.lock */,
				61F6185D23C101B8000F5223 /* Sources */,
				61F6185E23C101B8000F5223 /* Frameworks */,
				61F6185F23C101B8000F5223 /* Resources */,
				C3E4D55E28F51A14F9553F40 /* [CP] Embed Pods Frameworks */,
			);
			buildRules = (
			);
			dependencies = (
			);
			name = FriendshipDiary;
			productName = FriendshipDiary;
			productReference = 61F6186123C101B8000F5223 /* FriendshipDiary.app */;
			productType = "com.apple.product-type.application";
		};
/* End PBXNativeTarget section */

/* Begin PBXProject section */
		61F6185923C101B8000F5223 /* Project object */ = {
			isa = PBXProject;
			attributes = {
				LastSwiftUpdateCheck = 1130;
				LastUpgradeCheck = 1130;
				ORGANIZATIONNAME = Mateusz;
				TargetAttributes = {
					61F6186023C101B8000F5223 = {
						CreatedOnToolsVersion = 11.3;
					};
				};
			};
			buildConfigurationList = 61F6185C23C101B8000F5223 /* Build configuration list for PBXProject "FriendshipDiary" */;
			compatibilityVersion = "Xcode 9.3";
			developmentRegion = en;
			hasScannedForEncodings = 0;
			knownRegions = (
				en,
				Base,
			);
			mainGroup = 61F6185823C101B8000F5223;
			productRefGroup = 61F6186223C101B8000F5223 /* Products */;
			projectDirPath = "";
			projectRoot = "";
			targets = (
				61F6186023C101B8000F5223 /* FriendshipDiary */,
			);
		};
/* End PBXProject section */

/* Begin PBXResourcesBuildPhase section */
		61F6185F23C101B8000F5223 /* Resources */ = {
			isa = PBXResourcesBuildPhase;
			buildActionMask = 2147483647;
			files = (
				61F6187123C101BF000F5223 /* LaunchScreen.storyboard in Resources */,
				61F6186E23C101BF000F5223 /* Assets.xcassets in Resources */,
				61F6186C23C101B8000F5223 /* Main.storyboard in Resources */,
			);
			runOnlyForDeploymentPostprocessing = 0;
		};
/* End PBXResourcesBuildPhase section */

/* Begin PBXShellScriptBuildPhase section */
		C3E4D55E28F51A14F9553F40 /* [CP] Embed Pods Frameworks */ = {
			isa = PBXShellScriptBuildPhase;
			buildActionMask = 2147483647;
			files = (
			);
			inputFileListPaths = (
				"${PODS_ROOT}/Target Support Files/Pods-FriendshipDiary/Pods-FriendshipDiary-frameworks-${CONFIGURATION}-input-files.xcfilelist",
			);
			name = "[CP] Embed Pods Frameworks";
			outputFileListPaths = (
				"${PODS_ROOT}/Target Support Files/Pods-FriendshipDiary/Pods-FriendshipDiary-frameworks-${CONFIGURATION}-output-files.xcfilelist",
			);
			runOnlyForDeploymentPostprocessing = 0;
			shellPath = /bin/sh;
			shellScript = "\"${PODS_ROOT}/Target Support Files/Pods-FriendshipDiary/Pods-FriendshipDiary-frameworks.sh\"\n";
			showEnvVarsInLog = 0;
		};
		E35F3DCA56C518C14A8A162C /* [CP] Check Pods Manifest.lock */ = {
			isa = PBXShellScriptBuildPhase;
			buildActionMask = 2147483647;
			files = (
			);
			inputFileListPaths = (
			);
			inputPaths = (
				"${PODS_PODFILE_DIR_PATH}/Podfile.lock",
				"${PODS_ROOT}/Manifest.lock",
			);
			name = "[CP] Check Pods Manifest.lock";
			outputFileListPaths = (
			);
			outputPaths = (
				"$(DERIVED_FILE_DIR)/Pods-FriendshipDiary-checkManifestLockResult.txt",
			);
			runOnlyForDeploymentPostprocessing = 0;
			shellPath = /bin/sh;
			shellScript = "diff \"${PODS_PODFILE_DIR_PATH}/Podfile.lock\" \"${PODS_ROOT}/Manifest.lock\" > /dev/null\nif [ $? != 0 ] ; then\n    # print error to STDERR\n    echo \"error: The sandbox is not in sync with the Podfile.lock. Run 'pod install' or update your CocoaPods installation.\" >&2\n    exit 1\nfi\n# This output is used by Xcode 'outputs' to avoid re-running this script phase.\necho \"SUCCESS\" > \"${SCRIPT_OUTPUT_FILE_0}\"\n";
			showEnvVarsInLog = 0;
		};
/* End PBXShellScriptBuildPhase section */

/* Begin PBXSourcesBuildPhase section */
		61F6185D23C101B8000F5223 /* Sources */ = {
			isa = PBXSourcesBuildPhase;
			buildActionMask = 2147483647;
			files = (
				61F0616423C9E9DE0083289D /* LoginViewPresenter.swift in Sources */,
				61F0614C23C1056D0083289D /* NetworkRequest.swift in Sources */,
				613039D023CE2A23003D079C /* AddMemoryViewController.swift in Sources */,
				61F0614D23C1056D0083289D /* NetworkResponse.swift in Sources */,
				61F0614923C1056D0083289D /* NetworkManager.swift in Sources */,
				61F0615B23C84FF20083289D /* UIImageExtensions.swift in Sources */,
				61F6186923C101B8000F5223 /* ViewController.swift in Sources */,
				613039BA23CD22B5003D079C /* AddFriendsViewController.swift in Sources */,
				61905AE623CD116300BFC46B /* MemoriesViewController.swift in Sources */,
				61F0616823C9EA150083289D /* RegisterViewPresenter.swift in Sources */,
				61F0616123C9E9440083289D /* BaseViewController.swift in Sources */,
				61C574FA23C9F549004C6453 /* AccountViewController.swift in Sources */,
				613039CD23CD2C65003D079C /* FriendsTableViewCell.swift in Sources */,
				61F0615623C354430083289D /* ApiItemLocalization.swift in Sources */,
				613039D223CE2A35003D079C /* AddMemoryViewPresenter.swift in Sources */,
				61F6186523C101B8000F5223 /* AppDelegate.swift in Sources */,
				613039BE23CD22DF003D079C /* ApiItemUser.swift in Sources */,
				61F6186723C101B8000F5223 /* SceneDelegate.swift in Sources */,
				61F0614A23C1056D0083289D /* NetworkURL.swift in Sources */,
				613039C623CD2C2E003D079C /* FriendsViewPresenter.swift in Sources */,
				61F0616623C9EA040083289D /* RegisterViewController.swift in Sources */,
				613039BC23CD22C7003D079C /* AddFriendsViewPresenter.swift in Sources */,
				613039C523CD2C2E003D079C /* FriendsViewController.swift in Sources */,
				61F0615823C3551D0083289D /* ApiItemMemeory.swift in Sources */,
				61F0615423C345BA0083289D /* ApiItemError.swift in Sources */,
				61F0615F23C9E9360083289D /* LoginViewController.swift in Sources */,
				61905AE823CD117800BFC46B /* MemoriesViewPresenter.swift in Sources */,
				61905AEB23CD11BE00BFC46B /* MemoryTableViewCell.swift in Sources */,
				613039C123CD2644003D079C /* AddFriendsTableViewCell.swift in Sources */,
				61F0615223C27ABC0083289D /* ApiItemToken.swift in Sources */,
			);
			runOnlyForDeploymentPostprocessing = 0;
		};
/* End PBXSourcesBuildPhase section */

/* Begin PBXVariantGroup section */
		61F6186A23C101B8000F5223 /* Main.storyboard */ = {
			isa = PBXVariantGroup;
			children = (
				61F6186B23C101B8000F5223 /* Base */,
			);
			name = Main.storyboard;
			sourceTree = "<group>";
		};
		61F6186F23C101BF000F5223 /* LaunchScreen.storyboard */ = {
			isa = PBXVariantGroup;
			children = (
				61F6187023C101BF000F5223 /* Base */,
			);
			name = LaunchScreen.storyboard;
			sourceTree = "<group>";
		};
/* End PBXVariantGroup section */

/* Begin XCBuildConfiguration section */
		61F6187323C101BF000F5223 /* Debug */ = {
			isa = XCBuildConfiguration;
			buildSettings = {
				ALWAYS_SEARCH_USER_PATHS = NO;
				CLANG_ANALYZER_NONNULL = YES;
				CLANG_ANALYZER_NUMBER_OBJECT_CONVERSION = YES_AGGRESSIVE;
				CLANG_CXX_LANGUAGE_STANDARD = "gnu++14";
				CLANG_CXX_LIBRARY = "libc++";
				CLANG_ENABLE_MODULES = YES;
				CLANG_ENABLE_OBJC_ARC = YES;
				CLANG_ENABLE_OBJC_WEAK = YES;
				CLANG_WARN_BLOCK_CAPTURE_AUTORELEASING = YES;
				CLANG_WARN_BOOL_CONVERSION = YES;
				CLANG_WARN_COMMA = YES;
				CLANG_WARN_CONSTANT_CONVERSION = YES;
				CLANG_WARN_DEPRECATED_OBJC_IMPLEMENTATIONS = YES;
				CLANG_WARN_DIRECT_OBJC_ISA_USAGE = YES_ERROR;
				CLANG_WARN_DOCUMENTATION_COMMENTS = YES;
				CLANG_WARN_EMPTY_BODY = YES;
				CLANG_WARN_ENUM_CONVERSION = YES;
				CLANG_WARN_INFINITE_RECURSION = YES;
				CLANG_WARN_INT_CONVERSION = YES;
				CLANG_WARN_NON_LITERAL_NULL_CONVERSION = YES;
				CLANG_WARN_OBJC_IMPLICIT_RETAIN_SELF = YES;
				CLANG_WARN_OBJC_LITERAL_CONVERSION = YES;
				CLANG_WARN_OBJC_ROOT_CLASS = YES_ERROR;
				CLANG_WARN_RANGE_LOOP_ANALYSIS = YES;
				CLANG_WARN_STRICT_PROTOTYPES = YES;
				CLANG_WARN_SUSPICIOUS_MOVE = YES;
				CLANG_WARN_UNGUARDED_AVAILABILITY = YES_AGGRESSIVE;
				CLANG_WARN_UNREACHABLE_CODE = YES;
				CLANG_WARN__DUPLICATE_METHOD_MATCH = YES;
				COPY_PHASE_STRIP = NO;
				DEBUG_INFORMATION_FORMAT = dwarf;
				ENABLE_STRICT_OBJC_MSGSEND = YES;
				ENABLE_TESTABILITY = YES;
				GCC_C_LANGUAGE_STANDARD = gnu11;
				GCC_DYNAMIC_NO_PIC = NO;
				GCC_NO_COMMON_BLOCKS = YES;
				GCC_OPTIMIZATION_LEVEL = 0;
				GCC_PREPROCESSOR_DEFINITIONS = (
					"DEBUG=1",
					"$(inherited)",
				);
				GCC_WARN_64_TO_32_BIT_CONVERSION = YES;
				GCC_WARN_ABOUT_RETURN_TYPE = YES_ERROR;
				GCC_WARN_UNDECLARED_SELECTOR = YES;
				GCC_WARN_UNINITIALIZED_AUTOS = YES_AGGRESSIVE;
				GCC_WARN_UNUSED_FUNCTION = YES;
				GCC_WARN_UNUSED_VARIABLE = YES;
				IPHONEOS_DEPLOYMENT_TARGET = 13.2;
				MTL_ENABLE_DEBUG_INFO = INCLUDE_SOURCE;
				MTL_FAST_MATH = YES;
				ONLY_ACTIVE_ARCH = YES;
				SDKROOT = iphoneos;
				SWIFT_ACTIVE_COMPILATION_CONDITIONS = DEBUG;
				SWIFT_OPTIMIZATION_LEVEL = "-Onone";
			};
			name = Debug;
		};
		61F6187423C101BF000F5223 /* Release */ = {
			isa = XCBuildConfiguration;
			buildSettings = {
				ALWAYS_SEARCH_USER_PATHS = NO;
				CLANG_ANALYZER_NONNULL = YES;
				CLANG_ANALYZER_NUMBER_OBJECT_CONVERSION = YES_AGGRESSIVE;
				CLANG_CXX_LANGUAGE_STANDARD = "gnu++14";
				CLANG_CXX_LIBRARY = "libc++";
				CLANG_ENABLE_MODULES = YES;
				CLANG_ENABLE_OBJC_ARC = YES;
				CLANG_ENABLE_OBJC_WEAK = YES;
				CLANG_WARN_BLOCK_CAPTURE_AUTORELEASING = YES;
				CLANG_WARN_BOOL_CONVERSION = YES;
				CLANG_WARN_COMMA = YES;
				CLANG_WARN_CONSTANT_CONVERSION = YES;
				CLANG_WARN_DEPRECATED_OBJC_IMPLEMENTATIONS = YES;
				CLANG_WARN_DIRECT_OBJC_ISA_USAGE = YES_ERROR;
				CLANG_WARN_DOCUMENTATION_COMMENTS = YES;
				CLANG_WARN_EMPTY_BODY = YES;
				CLANG_WARN_ENUM_CONVERSION = YES;
				CLANG_WARN_INFINITE_RECURSION = YES;
				CLANG_WARN_INT_CONVERSION = YES;
				CLANG_WARN_NON_LITERAL_NULL_CONVERSION = YES;
				CLANG_WARN_OBJC_IMPLICIT_RETAIN_SELF = YES;
				CLANG_WARN_OBJC_LITERAL_CONVERSION = YES;
				CLANG_WARN_OBJC_ROOT_CLASS = YES_ERROR;
				CLANG_WARN_RANGE_LOOP_ANALYSIS = YES;
				CLANG_WARN_STRICT_PROTOTYPES = YES;
				CLANG_WARN_SUSPICIOUS_MOVE = YES;
				CLANG_WARN_UNGUARDED_AVAILABILITY = YES_AGGRESSIVE;
				CLANG_WARN_UNREACHABLE_CODE = YES;
				CLANG_WARN__DUPLICATE_METHOD_MATCH = YES;
				COPY_PHASE_STRIP = NO;
				DEBUG_INFORMATION_FORMAT = "dwarf-with-dsym";
				ENABLE_NS_ASSERTIONS = NO;
				ENABLE_STRICT_OBJC_MSGSEND = YES;
				GCC_C_LANGUAGE_STANDARD = gnu11;
				GCC_NO_COMMON_BLOCKS = YES;
				GCC_WARN_64_TO_32_BIT_CONVERSION = YES;
				GCC_WARN_ABOUT_RETURN_TYPE = YES_ERROR;
				GCC_WARN_UNDECLARED_SELECTOR = YES;
				GCC_WARN_UNINITIALIZED_AUTOS = YES_AGGRESSIVE;
				GCC_WARN_UNUSED_FUNCTION = YES;
				GCC_WARN_UNUSED_VARIABLE = YES;
				IPHONEOS_DEPLOYMENT_TARGET = 13.2;
				MTL_ENABLE_DEBUG_INFO = NO;
				MTL_FAST_MATH = YES;
				SDKROOT = iphoneos;
				SWIFT_COMPILATION_MODE = wholemodule;
				SWIFT_OPTIMIZATION_LEVEL = "-O";
				VALIDATE_PRODUCT = YES;
			};
			name = Release;
		};
		61F6187623C101BF000F5223 /* Debug */ = {
			isa = XCBuildConfiguration;
			baseConfigurationReference = C1BFA672395A971D72D368E8 /* Pods-FriendshipDiary.debug.xcconfig */;
			buildSettings = {
				ASSETCATALOG_COMPILER_APPICON_NAME = AppIcon;
				CODE_SIGN_STYLE = Automatic;
				INFOPLIST_FILE = FriendshipDiary/Info.plist;
				LD_RUNPATH_SEARCH_PATHS = (
					"$(inherited)",
					"@executable_path/Frameworks",
				);
				PRODUCT_BUNDLE_IDENTIFIER = my.edu.FriendshipDiary;
				PRODUCT_NAME = "$(TARGET_NAME)";
				SWIFT_VERSION = 5.0;
				TARGETED_DEVICE_FAMILY = "1,2";
			};
			name = Debug;
		};
		61F6187723C101BF000F5223 /* Release */ = {
			isa = XCBuildConfiguration;
			baseConfigurationReference = 15BBED1FA42C6A268F8ED37D /* Pods-FriendshipDiary.release.xcconfig */;
			buildSettings = {
				ASSETCATALOG_COMPILER_APPICON_NAME = AppIcon;
				CODE_SIGN_STYLE = Automatic;
				INFOPLIST_FILE = FriendshipDiary/Info.plist;
				LD_RUNPATH_SEARCH_PATHS = (
					"$(inherited)",
					"@executable_path/Frameworks",
				);
				PRODUCT_BUNDLE_IDENTIFIER = my.edu.FriendshipDiary;
				PRODUCT_NAME = "$(TARGET_NAME)";
				SWIFT_VERSION = 5.0;
				TARGETED_DEVICE_FAMILY = "1,2";
			};
			name = Release;
		};
/* End XCBuildConfiguration section */

/* Begin XCConfigurationList section */
		61F6185C23C101B8000F5223 /* Build configuration list for PBXProject "FriendshipDiary" */ = {
			isa = XCConfigurationList;
			buildConfigurations = (
				61F6187323C101BF000F5223 /* Debug */,
				61F6187423C101BF000F5223 /* Release */,
			);
			defaultConfigurationIsVisible = 0;
			defaultConfigurationName = Release;
		};
		61F6187523C101BF000F5223 /* Build configuration list for PBXNativeTarget "FriendshipDiary" */ = {
			isa = XCConfigurationList;
			buildConfigurations = (
				61F6187623C101BF000F5223 /* Debug */,
				61F6187723C101BF000F5223 /* Release */,
			);
			defaultConfigurationIsVisible = 0;
			defaultConfigurationName = Release;
		};
/* End XCConfigurationList section */
	};
	rootObject = 61F6185923C101B8000F5223 /* Project object */;
}
